
Microsoft Visual Studio Solution File, Format Version 12.00
# Visual Studio Version 18
VisualStudioVersion = 18.1.11304.174
MinimumVisualStudioVersion = 10.0.40219.1
Project("{9A19103F-16F7-4668-BE54-9A1E7A4F7556}") = "chess", "chess\chess.csproj", "{24C706F4-3785-4330-A911-100D4843F8E3}"
EndProject
Project("{9A19103F-16F7-4668-BE54-9A1E7A4F7556}") = "ChessLib", "ChessLib\ChessLib.csproj", "{45358B55-5F62-46A3-90AF-267C00C15E7D}"
EndProject
Project("{FAE04EC0-301F-11D3-BF4B-00C04F79EFBC}") = "ChessWPF", "WPFChess\ChessWPF.csproj", "{BEF3C191-B60D-5C23-0357-F3384BD3789D}"
EndProject
Project("{FAE04EC0-301F-11D3-BF4B-00C04F79EFBC}") = "ChessLib.Tests", "ChessLib.Tests\ChessLib.Tests.csproj", "{FEE422AF-138C-4EA4-9505-1CC9C8A3CC0B}"
EndProject
Global
	GlobalSection(SolutionConfigurationPlatforms) = preSolution
		Debug|Any CPU = Debug|Any CPU
		Debug|x64 = Debug|x64
		Debug|x86 = Debug|x86
		Release|Any CPU = Release|Any CPU
		Release|x64 = Release|x64
		Release|x86 = Release|x86
	EndGlobalSection
	GlobalSection(ProjectConfigurationPlatforms) = postSolution
		{24C706F4-3785-4330-A911-100D4843F8E3}.Debug|Any CPU.ActiveCfg = Debug|Any CPU
		{24C706F4-3785-4330-A911-100D4843F8E3}.Debug|Any CPU.Build.0 = Debug|Any CPU
		{24C706F4-3785-4330-A911-100D4843F8E3}.Debug|x64.ActiveCfg = Debug|Any CPU
		{24C706F4-3785-4330-A911-100D4843F8E3}.Debug|x64.Build.0 = Debug|Any CPU
		{24C706F4-3785-4330-A911-100D4843F8E3}.Debug|x86.ActiveCfg = Debug|Any CPU
		{24C706F4-3785-4330-A911-100D4843F8E3}.Debug|x86.Build.0 = Debug|Any CPU
		{24C706F4-3785-4330-A911-100D4843F8E3}.Release|Any CPU.ActiveCfg = Release|Any CPU
		{24C706F4-3785-4330-A911-100D4843F8E3}.Release|Any CPU.Build.0 = Release|Any CPU
		{24C706F4-3785-4330-A911-100D4843F8E3}.Release|x64.ActiveCfg = Release|Any CPU
		{24C706F4-3785-4330-A911-100D4843F8E3}.Release|x64.Build.0 = Release|Any CPU
		{24C706F4-3785-4330-A911-100D4843F8E3}.Release|x86.ActiveCfg = Release|Any CPU
		{24C706F4-3785-4330-A911-100D4843F8E3}.Release|x86.Build.0 = Release|Any CPU
		{45358B55-5F62-46A3-90AF-267C00C15E7D}.Debug|Any CPU.ActiveCfg = Debug|Any CPU
		{45358B55-5F62-46A3-90AF-267C00C15E7D}.Debug|Any CPU.Build.0 = Debug|Any CPU
		{45358B55-5F62-46A3-90AF-267C00C15E7D}.Debug|x64.ActiveCfg = Debug|Any CPU
		{45358B55-5F62-46A3-90AF-267C00C15E7D}.Debug|x64.Build.0 = Debug|Any CPU
		{45358B55-5F62-46A3-90AF-267C00C15E7D}.Debug|x86.ActiveCfg = Debug|Any CPU
		{45358B55-5F62-46A3-90AF-267C00C15E7D}.Debug|x86.Build.0 = Debug|Any CPU
		{45358B55-5F62-46A3-90AF-267C00C15E7D}.Release|Any CPU.ActiveCfg = Release|Any CPU
		{45358B55-5F62-46A3-90AF-267C00C15E7D}.Release|Any CPU.Build.0 = Release|Any CPU
		{45358B55-5F62-46A3-90AF-267C00C15E7D}.Release|x64.ActiveCfg = Release|Any CPU
		{45358B55-5F62-46A3-90AF-267C00C15E7D}.Release|x64.Build.0 = Release|Any CPU
		{45358B55-5F62-46A3-90AF-267C00C15E7D}.Release|x86.ActiveCfg = Release|Any CPU
		{45358B55-5F62-46A3-90AF-267C00C15E7D}.Release|x86.Build.0 = Release|Any CPU
		{BEF3C191-B60D-5C23-0357-F3384BD3789D}.Debug|Any CPU.ActiveCfg = Debug|Any CPU
		{BEF3C191-B60D-5C23-0357-F3384BD3789D}.Debug|Any CPU.Build.0 = Debug|Any CPU
		{BEF3C191-B60D-5C23-0357-F3384BD3789D}.Debug|x64.ActiveCfg = Debug|Any CPU
		{BEF3C191-B60D-5C23-0357-F3384BD3789D}.Debug|x64.Build.0 = Debug|Any CPU
		{BEF3C191-B60D-5C23-0357-F3384BD3789D}.Debug|x86.ActiveCfg = Debug|Any CPU
		{BEF3C191-B60D-5C23-0357-F3384BD3789D}.Debug|x86.Build.0 = Debug|Any CPU
		{BEF3C191-B60D-5C23-0357-F3384BD3789D}.Release|Any CPU.ActiveCfg = Release|Any CPU
		{BEF3C191-B60D-5C23-0357-F3384BD3789D}.Release|Any CPU.Build.0 = Release|Any CPU
		{BEF3C191-B60D-5C23-0357-F3384BD3789D}.Release|x64.ActiveCfg = Release|Any CPU
		{BEF3C191-B60D-5C23-0357-F3384BD3789D}.Release|x64.Build.0 = Release|Any CPU
		{BEF3C191-B60D-5C23-0357-F3384BD3789D}.Release|x86.ActiveCfg = Release|Any CPU
		{BEF3C191-B60D-5C23-0357-F3384BD3789D}.Release|x86.Build.0 = Release|Any CPU
		{FEE422AF-138C-4EA4-9505-1CC9C8A3CC0B}.Debug|Any CPU.ActiveCfg = Debug|Any CPU
		{FEE422AF-138C-4EA4-9505-1CC9C8A3CC0B}.Debug|Any CPU.Build.0 = Debug|Any CPU
		{FEE422AF-138C-4EA4-9505-1CC9C8A3CC0B}.Debug|x64.ActiveCfg = Debug|Any CPU
		{FEE422AF-138C-4EA4-9505-1CC9C8A3CC0B}.Debug|x64.Build.0 = Debug|Any CPU
		{FEE422AF-138C-4EA4-9505-1CC9C8A3CC0B}.Debug|x86.ActiveCfg = Debug|Any CPU
		{FEE422AF-138C-4EA4-9505-1CC9C8A3CC0B}.Debug|x86.Build.0 = Debug|Any CPU
		{FEE422AF-138C-4EA4-9505-1CC9C8A3CC0B}.Release|Any CPU.ActiveCfg = Release|Any CPU
		{FEE422AF-138C-4EA4-9505-1CC9C8A3CC0B}.Release|Any CPU.Build.0 = Release|Any CPU
		{FEE422AF-138C-4EA4-9505-1CC9C8A3CC0B}.Release|x64.ActiveCfg = Release|Any CPU
		{FEE422AF-138C-4EA4-9505-1CC9C8A3CC0B}.Release|x64.Build.0 = Release|Any CPU
		{FEE422AF-138C-4EA4-9505-1CC9C8A3CC0B}.Release|x86.ActiveCfg = Release|Any CPU
		{FEE422AF-138C-4EA4-9505-1CC9C8A3CC0B}.Release|x86.Build.0 = Release|Any CPU
	EndGlobalSection
	GlobalSection(SolutionProperties) = preSolution
		HideSolutionNode = FALSE
	EndGlobalSection
	GlobalSection(ExtensibilityGlobals) = postSolution
		SolutionGuid = {329102DB-ADC1-4151-88DF-7408D4C70B2F}
	EndGlobalSection
EndGlobal
