
Microsoft Visual Studio Solution File, Format Version 12.00
# Visual Studio Version 16
VisualStudioVersion = 16.0.30717.126
MinimumVisualStudioVersion = 10.0.40219.1
Project("{9A19103F-16F7-4668-BE54-9A1E7A4F7556}") = "ChessBoard", "ChessBoard.csproj", "{459E8F66-FBE6-49FE-A4B4-679B11A60AF5}"
EndProject
Global
	GlobalSection(SolutionConfigurationPlatforms) = preSolution
		Debug|Any CPU = Debug|Any CPU
		Release|Any CPU = Release|Any CPU
	EndGlobalSection
	GlobalSection(ProjectConfigurationPlatforms) = postSolution
		{459E8F66-FBE6-49FE-A4B4-679B11A60AF5}.Debug|Any CPU.ActiveCfg = Debug|Any CPU
		{459E8F66-FBE6-49FE-A4B4-679B11A60AF5}.Debug|Any CPU.Build.0 = Debug|Any CPU
		{459E8F66-FBE6-49FE-A4B4-679B11A60AF5}.Release|Any CPU.ActiveCfg = Release|Any CPU
		{459E8F66-FBE6-49FE-A4B4-679B11A60AF5}.Release|Any CPU.Build.0 = Release|Any CPU
	EndGlobalSection
	GlobalSection(SolutionProperties) = preSolution
		HideSolutionNode = FALSE
	EndGlobalSection
	GlobalSection(ExtensibilityGlobals) = postSolution
		SolutionGuid = {4840F866-D8C3-4874-B5B3-BE4F3184E7F3}
	EndGlobalSection
EndGlobal
